{
  "nodes": {
    "agenix": {
      "inputs": {
        "nixpkgs": [
          "nixpkgs"
        ]
      },
      "locked": {
        "lastModified": 1631896269,
        "narHash": "sha256-DAyCxJ8JacayOzGgGSfzrn7ghtsfL/EsCyk1NEUaAR8=",
        "owner": "ryantm",
        "repo": "agenix",
        "rev": "daf1d773989ac5d949aeef03fce0fe27e583dbca",
        "type": "github"
      },
      "original": {
        "owner": "ryantm",
        "repo": "agenix",
        "type": "github"
      }
    },
    "flake-utils": {
      "locked": {
        "lastModified": 1629481132,
        "narHash": "sha256-JHgasjPR0/J1J3DRm4KxM4zTyAj4IOJY8vIl75v/kPI=",
        "owner": "numtide",
        "repo": "flake-utils",
        "rev": "997f7efcb746a9c140ce1f13c72263189225f482",
        "type": "github"
      },
      "original": {
        "owner": "numtide",
        "repo": "flake-utils",
        "type": "github"
      }
    },
    "home-manager": {
      "inputs": {
        "nixpkgs": [
          "nixpkgs"
        ]
      },
      "locked": {
        "lastModified": 1631573611,
        "narHash": "sha256-u2E/wstadWNcn6vOIoK1xY86QPOzzBZQfT1FbePfdaI=",
        "owner": "nix-community",
        "repo": "home-manager",
        "rev": "7d9ba15214004c979d2c8733f8be12ce6502cf8a",
        "type": "github"
      },
      "original": {
        "owner": "nix-community",
        "ref": "release-21.05",
        "repo": "home-manager",
        "type": "github"
      }
    },
    "nixos-hardware": {
      "locked": {
        "lastModified": 1631875434,
        "narHash": "sha256-qmaLTz4ituJJ8DNoHwmrrCRmABMoNqNLJewxWpuZals=",
        "owner": "nixos",
        "repo": "nixos-hardware",
        "rev": "16fca9df230408608846940981b4037762420b1b",
        "type": "github"
      },
      "original": {
        "owner": "nixos",
        "repo": "nixos-hardware",
        "type": "github"
      }
    },
    "nixpkgs": {
      "locked": {
        "lastModified": 1631906143,
        "narHash": "sha256-o13Oc0CHnSOAlUZBsLCU0dRrVYKx4NWiyjPYekEDl1w=",
        "owner": "nixos",
        "repo": "nixpkgs",
        "rev": "dba5c42f73908a616ead0b5a63841034d65457bf",
        "type": "github"
      },
      "original": {
        "owner": "nixos",
        "ref": "release-21.05",
        "repo": "nixpkgs",
        "type": "github"
      }
    },
    "root": {
      "inputs": {
        "agenix": "agenix",
        "home-manager": "home-manager",
        "nixos-hardware": "nixos-hardware",
        "nixpkgs": "nixpkgs",
        "unstable": "unstable",
        "utils": "utils"
      }
    },
    "unstable": {
      "locked": {
        "lastModified": 1631785487,
        "narHash": "sha256-VSKEvOtaY/roDxEHFxXh6GguOqqWCJZ3E06fBdKu8+I=",
        "owner": "nixos",
        "repo": "nixpkgs",
        "rev": "79c444b5bdeaba142d128afddee14c89ecf2a968",
        "type": "github"
      },
      "original": {
        "owner": "nixos",
        "ref": "nixos-unstable",
        "repo": "nixpkgs",
        "type": "github"
      }
    },
    "utils": {
      "inputs": {
        "flake-utils": "flake-utils"
      },
      "locked": {
        "lastModified": 1630860118,
        "narHash": "sha256-JwLcC/zRR6ypk4/Ks7plWBvThYoLhURaH2zvjuWVmyA=",
        "owner": "gytis-ivaskevicius",
        "repo": "flake-utils-plus",
        "rev": "813281281363ec45af155c8d2ceb7c5132d4de45",
        "type": "github"
      },
      "original": {
        "owner": "gytis-ivaskevicius",
        "ref": "1.3.0",
        "repo": "flake-utils-plus",
        "type": "github"
      }
    }
  },
  "root": "root",
  "version": 7
}
