{
  "nodes": {
    "agenix": {
      "inputs": {
        "nixpkgs": [
          "unstable"
        ]
      },
      "locked": {
        "lastModified": 1631896269,
        "narHash": "sha256-DAyCxJ8JacayOzGgGSfzrn7ghtsfL/EsCyk1NEUaAR8=",
        "owner": "ryantm",
        "repo": "agenix",
        "rev": "daf1d773989ac5d949aeef03fce0fe27e583dbca",
        "type": "github"
      },
      "original": {
        "owner": "ryantm",
        "repo": "agenix",
        "type": "github"
      }
    },
    "flake-utils": {
      "locked": {
        "lastModified": 1629481132,
        "narHash": "sha256-JHgasjPR0/J1J3DRm4KxM4zTyAj4IOJY8vIl75v/kPI=",
        "owner": "numtide",
        "repo": "flake-utils",
        "rev": "997f7efcb746a9c140ce1f13c72263189225f482",
        "type": "github"
      },
      "original": {
        "owner": "numtide",
        "repo": "flake-utils",
        "type": "github"
      }
    },
    "home-manager": {
      "inputs": {
        "nixpkgs": [
          "unstable"
        ]
      },
      "locked": {
        "lastModified": 1632431340,
        "narHash": "sha256-9xUnx5aeDp8Irg2/rWBKn3AjiiQTtsjTX0UshzMXy94=",
        "owner": "nix-community",
        "repo": "home-manager",
        "rev": "b0651cc2173427857b172604f85da6afe69e1d41",
        "type": "github"
      },
      "original": {
        "owner": "nix-community",
        "repo": "home-manager",
        "type": "github"
      }
    },
    "nixos-hardware": {
      "locked": {
        "lastModified": 1632267580,
        "narHash": "sha256-AvNXdmaPHYs6idbfgu1H40vEw4Wq15xLAgCnpCN1l1A=",
        "owner": "nixos",
        "repo": "nixos-hardware",
        "rev": "3cc8c47af31798040ea62499090540413279f832",
        "type": "github"
      },
      "original": {
        "owner": "nixos",
        "repo": "nixos-hardware",
        "type": "github"
      }
    },
    "nixpkgs": {
      "locked": {
        "lastModified": 1632449305,
        "narHash": "sha256-iOuyNGMLFkB88K6bk+59qvtSgFUre43MMUBZOzStji0=",
        "owner": "NixOS",
        "repo": "nixpkgs",
        "rev": "d7bba45c605304637d77269dfa5ddb0b30b96eee",
        "type": "github"
      },
      "original": {
        "id": "nixpkgs",
        "type": "indirect"
      }
    },
    "nur": {
      "locked": {
        "lastModified": 1632448897,
        "narHash": "sha256-E1sTZIApgn4dJSZjo1xNPdana5SMFLGGGlXWNG7WWfs=",
        "owner": "nix-community",
        "repo": "NUR",
        "rev": "ea6640d274ed2fdf880a5e89387d689ddf0f721f",
        "type": "github"
      },
      "original": {
        "owner": "nix-community",
        "repo": "NUR",
        "type": "github"
      }
    },
    "root": {
      "inputs": {
        "agenix": "agenix",
        "home-manager": "home-manager",
        "nixos-hardware": "nixos-hardware",
        "nixpkgs": "nixpkgs",
        "nur": "nur",
        "stable": "stable",
        "unstable": "unstable",
        "utils": "utils"
      }
    },
    "stable": {
      "locked": {
        "lastModified": 1632418649,
        "narHash": "sha256-4rZspkiQU7zbsuciRRMgoEPkAF/+FSv2jx/VIPxPVx4=",
        "owner": "nixos",
        "repo": "nixpkgs",
        "rev": "056a3c1fae30d06d14b171b9023743c21a23ec1a",
        "type": "github"
      },
      "original": {
        "owner": "nixos",
        "ref": "release-21.05",
        "repo": "nixpkgs",
        "type": "github"
      }
    },
    "unstable": {
      "locked": {
        "lastModified": 1632325095,
        "narHash": "sha256-KHVVIxhVHq4Wwj4oQPem8/eVkukVKhSPqFKI1o5NrTw=",
        "owner": "nixos",
        "repo": "nixpkgs",
        "rev": "a930f7da84786807bb105df40e76b541604c3e72",
        "type": "github"
      },
      "original": {
        "owner": "nixos",
        "ref": "nixos-unstable",
        "repo": "nixpkgs",
        "type": "github"
      }
    },
    "utils": {
      "inputs": {
        "flake-utils": "flake-utils"
      },
      "locked": {
        "lastModified": 1630860118,
        "narHash": "sha256-JwLcC/zRR6ypk4/Ks7plWBvThYoLhURaH2zvjuWVmyA=",
        "owner": "gytis-ivaskevicius",
        "repo": "flake-utils-plus",
        "rev": "813281281363ec45af155c8d2ceb7c5132d4de45",
        "type": "github"
      },
      "original": {
        "owner": "gytis-ivaskevicius",
        "ref": "1.3.0",
        "repo": "flake-utils-plus",
        "type": "github"
      }
    }
  },
  "root": "root",
  "version": 7
}
